
Microsoft Visual Studio Solution File, Format Version 12.00
# Visual Studio Version 16
VisualStudioVersion = 16.0.30114.105
MinimumVisualStudioVersion = 10.0.40219.1
Project("{FAE04EC0-301F-11D3-BF4B-00C04F79EFBC}") = "Penguin.Cms.Communication.Repositories.Local", "Penguin.Cms.Communication.Repositories.Local.csproj", "{CC1F8D41-75E6-47FD-B4EF-25B6A090DF66}"
EndProject
Project("{FAE04EC0-301F-11D3-BF4B-00C04F79EFBC}") = "Penguin.Security.Abstractions.Local", "..\Penguin.Security.Abstractions\Penguin.Security.Abstractions.Local.csproj", "{4A1B92A3-3033-4BBF-8240-C9EA29B26CBF}"
EndProject
Project("{FAE04EC0-301F-11D3-BF4B-00C04F79EFBC}") = "Penguin.Cms.Communication.Local", "..\Penguin.Cms.Communication\Penguin.Cms.Communication.Local.csproj", "{ADE337D4-243B-4622-A7FA-7DBE22784F65}"
EndProject
Project("{FAE04EC0-301F-11D3-BF4B-00C04F79EFBC}") = "Penguin.Cms.Entities.Local", "..\Penguin.Cms.Entities\Penguin.Cms.Entities.Local.csproj", "{484BE5B0-2FA6-4EAB-AB75-6CC400B59A28}"
EndProject
Project("{FAE04EC0-301F-11D3-BF4B-00C04F79EFBC}") = "Penguin.Persistence.Abstractions.Local", "..\Penguin.Persistence.Abstractions\Penguin.Persistence.Abstractions.Local.csproj", "{88576C04-8399-4277-A450-3F528FCBD467}"
EndProject
Project("{FAE04EC0-301F-11D3-BF4B-00C04F79EFBC}") = "Penguin.Entities.Abstractions.Local", "..\Penguin.Entities.Abstractions\Penguin.Entities.Abstractions.Local.csproj", "{140DC1EC-C18F-4532-9568-80428BEC2E47}"
EndProject
Project("{FAE04EC0-301F-11D3-BF4B-00C04F79EFBC}") = "Penguin.Reflection.Extensions.Local", "..\Penguin.Reflection.Extensions\Penguin.Reflection.Extensions.Local.csproj", "{99F03484-1D27-4CB5-8EB7-2FE45D47252E}"
EndProject
Project("{FAE04EC0-301F-11D3-BF4B-00C04F79EFBC}") = "Penguin.Reflection.Abstractions.Local", "..\Penguin.Reflection.Abstractions\Penguin.Reflection.Abstractions.Local.csproj", "{CFC5ED21-E695-4AE1-9B43-7CBFD2DAA35C}"
EndProject
Project("{FAE04EC0-301F-11D3-BF4B-00C04F79EFBC}") = "Penguin.Extensions.String.Local", "..\Penguin.Extensions.String\Penguin.Extensions.String.Local.csproj", "{8D1181B3-A958-41DF-B56B-649C31F50486}"
EndProject
Project("{FAE04EC0-301F-11D3-BF4B-00C04F79EFBC}") = "Penguin.Cms.Repositories.Local", "..\Penguin.Cms.Repositories\Penguin.Cms.Repositories.Local.csproj", "{CB0DAE54-9C89-4772-8FD5-0919DA05E44C}"
EndProject
Project("{FAE04EC0-301F-11D3-BF4B-00C04F79EFBC}") = "Penguin.Persistence.Repositories.Local", "..\Penguin.Persistence.Repositories\Penguin.Persistence.Repositories.Local.csproj", "{BE4920CF-27AC-4F1A-9D73-26AC24D9E5B4}"
EndProject
Project("{FAE04EC0-301F-11D3-BF4B-00C04F79EFBC}") = "Penguin.DependencyInjection.Abstractions.Local", "..\Penguin.DependencyInjection.Abstractions\Penguin.DependencyInjection.Abstractions.Local.csproj", "{7EFCA7AA-CC4F-4B16-BB52-EEECBE948E82}"
EndProject
Project("{FAE04EC0-301F-11D3-BF4B-00C04F79EFBC}") = "Penguin.Messaging.Persistence.Local", "..\Penguin.Messaging.Persistence\Penguin.Messaging.Persistence.Local.csproj", "{EC6A25C2-00D5-47AE-A2E8-2966259BE9F0}"
EndProject
Project("{FAE04EC0-301F-11D3-BF4B-00C04F79EFBC}") = "Penguin.Messaging.Abstractions.Local", "..\Penguin.Messaging.Abstractions\Penguin.Messaging.Abstractions.Local.csproj", "{4F9D41B5-54B7-4CEA-82BD-6F9A28435CD6}"
EndProject
Project("{FAE04EC0-301F-11D3-BF4B-00C04F79EFBC}") = "Penguin.Messaging.Core.Local", "..\Penguin.Messaging.Core\Penguin.Messaging.Core.Local.csproj", "{59E08D6C-5DDB-4145-B1CA-C1AC0B5CAA37}"
EndProject
Project("{FAE04EC0-301F-11D3-BF4B-00C04F79EFBC}") = "Penguin.Debugging.Local", "..\Penguin.Debugging\Penguin.Debugging.Local.csproj", "{36690965-63B9-4A7D-B1BA-A7C14393AD5F}"
EndProject
Project("{FAE04EC0-301F-11D3-BF4B-00C04F79EFBC}") = "Penguin.Extensions.Exceptions.Local", "..\Penguin.Extensions.Exceptions\Penguin.Extensions.Exceptions.Local.csproj", "{A11C887C-2A0C-48A1-9DBB-1B7A07F03CF6}"
EndProject
Project("{FAE04EC0-301F-11D3-BF4B-00C04F79EFBC}") = "Penguin.Reflection.Local", "..\Penguin.Reflection\Penguin.Reflection.Local.csproj", "{697D38CB-78DF-4FD6-85A4-0123F45360E8}"
EndProject
Global
	GlobalSection(SolutionConfigurationPlatforms) = preSolution
		Debug|Any CPU = Debug|Any CPU
		Debug|x64 = Debug|x64
		Debug|x86 = Debug|x86
		Release|Any CPU = Release|Any CPU
		Release|x64 = Release|x64
		Release|x86 = Release|x86
	EndGlobalSection
	GlobalSection(SolutionProperties) = preSolution
		HideSolutionNode = FALSE
	EndGlobalSection
	GlobalSection(ProjectConfigurationPlatforms) = postSolution
		{CC1F8D41-75E6-47FD-B4EF-25B6A090DF66}.Debug|Any CPU.ActiveCfg = Debug|Any CPU
		{CC1F8D41-75E6-47FD-B4EF-25B6A090DF66}.Debug|Any CPU.Build.0 = Debug|Any CPU
		{CC1F8D41-75E6-47FD-B4EF-25B6A090DF66}.Debug|x64.ActiveCfg = Debug|Any CPU
		{CC1F8D41-75E6-47FD-B4EF-25B6A090DF66}.Debug|x64.Build.0 = Debug|Any CPU
		{CC1F8D41-75E6-47FD-B4EF-25B6A090DF66}.Debug|x86.ActiveCfg = Debug|Any CPU
		{CC1F8D41-75E6-47FD-B4EF-25B6A090DF66}.Debug|x86.Build.0 = Debug|Any CPU
		{CC1F8D41-75E6-47FD-B4EF-25B6A090DF66}.Release|Any CPU.ActiveCfg = Release|Any CPU
		{CC1F8D41-75E6-47FD-B4EF-25B6A090DF66}.Release|Any CPU.Build.0 = Release|Any CPU
		{CC1F8D41-75E6-47FD-B4EF-25B6A090DF66}.Release|x64.ActiveCfg = Release|Any CPU
		{CC1F8D41-75E6-47FD-B4EF-25B6A090DF66}.Release|x64.Build.0 = Release|Any CPU
		{CC1F8D41-75E6-47FD-B4EF-25B6A090DF66}.Release|x86.ActiveCfg = Release|Any CPU
		{CC1F8D41-75E6-47FD-B4EF-25B6A090DF66}.Release|x86.Build.0 = Release|Any CPU
		{4A1B92A3-3033-4BBF-8240-C9EA29B26CBF}.Debug|Any CPU.ActiveCfg = Debug|Any CPU
		{4A1B92A3-3033-4BBF-8240-C9EA29B26CBF}.Debug|Any CPU.Build.0 = Debug|Any CPU
		{4A1B92A3-3033-4BBF-8240-C9EA29B26CBF}.Debug|x64.ActiveCfg = Debug|Any CPU
		{4A1B92A3-3033-4BBF-8240-C9EA29B26CBF}.Debug|x64.Build.0 = Debug|Any CPU
		{4A1B92A3-3033-4BBF-8240-C9EA29B26CBF}.Debug|x86.ActiveCfg = Debug|Any CPU
		{4A1B92A3-3033-4BBF-8240-C9EA29B26CBF}.Debug|x86.Build.0 = Debug|Any CPU
		{4A1B92A3-3033-4BBF-8240-C9EA29B26CBF}.Release|Any CPU.ActiveCfg = Release|Any CPU
		{4A1B92A3-3033-4BBF-8240-C9EA29B26CBF}.Release|Any CPU.Build.0 = Release|Any CPU
		{4A1B92A3-3033-4BBF-8240-C9EA29B26CBF}.Release|x64.ActiveCfg = Release|Any CPU
		{4A1B92A3-3033-4BBF-8240-C9EA29B26CBF}.Release|x64.Build.0 = Release|Any CPU
		{4A1B92A3-3033-4BBF-8240-C9EA29B26CBF}.Release|x86.ActiveCfg = Release|Any CPU
		{4A1B92A3-3033-4BBF-8240-C9EA29B26CBF}.Release|x86.Build.0 = Release|Any CPU
		{ADE337D4-243B-4622-A7FA-7DBE22784F65}.Debug|Any CPU.ActiveCfg = Debug|Any CPU
		{ADE337D4-243B-4622-A7FA-7DBE22784F65}.Debug|Any CPU.Build.0 = Debug|Any CPU
		{ADE337D4-243B-4622-A7FA-7DBE22784F65}.Debug|x64.ActiveCfg = Debug|Any CPU
		{ADE337D4-243B-4622-A7FA-7DBE22784F65}.Debug|x64.Build.0 = Debug|Any CPU
		{ADE337D4-243B-4622-A7FA-7DBE22784F65}.Debug|x86.ActiveCfg = Debug|Any CPU
		{ADE337D4-243B-4622-A7FA-7DBE22784F65}.Debug|x86.Build.0 = Debug|Any CPU
		{ADE337D4-243B-4622-A7FA-7DBE22784F65}.Release|Any CPU.ActiveCfg = Release|Any CPU
		{ADE337D4-243B-4622-A7FA-7DBE22784F65}.Release|Any CPU.Build.0 = Release|Any CPU
		{ADE337D4-243B-4622-A7FA-7DBE22784F65}.Release|x64.ActiveCfg = Release|Any CPU
		{ADE337D4-243B-4622-A7FA-7DBE22784F65}.Release|x64.Build.0 = Release|Any CPU
		{ADE337D4-243B-4622-A7FA-7DBE22784F65}.Release|x86.ActiveCfg = Release|Any CPU
		{ADE337D4-243B-4622-A7FA-7DBE22784F65}.Release|x86.Build.0 = Release|Any CPU
		{484BE5B0-2FA6-4EAB-AB75-6CC400B59A28}.Debug|Any CPU.ActiveCfg = Debug|Any CPU
		{484BE5B0-2FA6-4EAB-AB75-6CC400B59A28}.Debug|Any CPU.Build.0 = Debug|Any CPU
		{484BE5B0-2FA6-4EAB-AB75-6CC400B59A28}.Debug|x64.ActiveCfg = Debug|Any CPU
		{484BE5B0-2FA6-4EAB-AB75-6CC400B59A28}.Debug|x64.Build.0 = Debug|Any CPU
		{484BE5B0-2FA6-4EAB-AB75-6CC400B59A28}.Debug|x86.ActiveCfg = Debug|Any CPU
		{484BE5B0-2FA6-4EAB-AB75-6CC400B59A28}.Debug|x86.Build.0 = Debug|Any CPU
		{484BE5B0-2FA6-4EAB-AB75-6CC400B59A28}.Release|Any CPU.ActiveCfg = Release|Any CPU
		{484BE5B0-2FA6-4EAB-AB75-6CC400B59A28}.Release|Any CPU.Build.0 = Release|Any CPU
		{484BE5B0-2FA6-4EAB-AB75-6CC400B59A28}.Release|x64.ActiveCfg = Release|Any CPU
		{484BE5B0-2FA6-4EAB-AB75-6CC400B59A28}.Release|x64.Build.0 = Release|Any CPU
		{484BE5B0-2FA6-4EAB-AB75-6CC400B59A28}.Release|x86.ActiveCfg = Release|Any CPU
		{484BE5B0-2FA6-4EAB-AB75-6CC400B59A28}.Release|x86.Build.0 = Release|Any CPU
		{88576C04-8399-4277-A450-3F528FCBD467}.Debug|Any CPU.ActiveCfg = Debug|Any CPU
		{88576C04-8399-4277-A450-3F528FCBD467}.Debug|Any CPU.Build.0 = Debug|Any CPU
		{88576C04-8399-4277-A450-3F528FCBD467}.Debug|x64.ActiveCfg = Debug|Any CPU
		{88576C04-8399-4277-A450-3F528FCBD467}.Debug|x64.Build.0 = Debug|Any CPU
		{88576C04-8399-4277-A450-3F528FCBD467}.Debug|x86.ActiveCfg = Debug|Any CPU
		{88576C04-8399-4277-A450-3F528FCBD467}.Debug|x86.Build.0 = Debug|Any CPU
		{88576C04-8399-4277-A450-3F528FCBD467}.Release|Any CPU.ActiveCfg = Release|Any CPU
		{88576C04-8399-4277-A450-3F528FCBD467}.Release|Any CPU.Build.0 = Release|Any CPU
		{88576C04-8399-4277-A450-3F528FCBD467}.Release|x64.ActiveCfg = Release|Any CPU
		{88576C04-8399-4277-A450-3F528FCBD467}.Release|x64.Build.0 = Release|Any CPU
		{88576C04-8399-4277-A450-3F528FCBD467}.Release|x86.ActiveCfg = Release|Any CPU
		{88576C04-8399-4277-A450-3F528FCBD467}.Release|x86.Build.0 = Release|Any CPU
		{140DC1EC-C18F-4532-9568-80428BEC2E47}.Debug|Any CPU.ActiveCfg = Debug|Any CPU
		{140DC1EC-C18F-4532-9568-80428BEC2E47}.Debug|Any CPU.Build.0 = Debug|Any CPU
		{140DC1EC-C18F-4532-9568-80428BEC2E47}.Debug|x64.ActiveCfg = Debug|Any CPU
		{140DC1EC-C18F-4532-9568-80428BEC2E47}.Debug|x64.Build.0 = Debug|Any CPU
		{140DC1EC-C18F-4532-9568-80428BEC2E47}.Debug|x86.ActiveCfg = Debug|Any CPU
		{140DC1EC-C18F-4532-9568-80428BEC2E47}.Debug|x86.Build.0 = Debug|Any CPU
		{140DC1EC-C18F-4532-9568-80428BEC2E47}.Release|Any CPU.ActiveCfg = Release|Any CPU
		{140DC1EC-C18F-4532-9568-80428BEC2E47}.Release|Any CPU.Build.0 = Release|Any CPU
		{140DC1EC-C18F-4532-9568-80428BEC2E47}.Release|x64.ActiveCfg = Release|Any CPU
		{140DC1EC-C18F-4532-9568-80428BEC2E47}.Release|x64.Build.0 = Release|Any CPU
		{140DC1EC-C18F-4532-9568-80428BEC2E47}.Release|x86.ActiveCfg = Release|Any CPU
		{140DC1EC-C18F-4532-9568-80428BEC2E47}.Release|x86.Build.0 = Release|Any CPU
		{99F03484-1D27-4CB5-8EB7-2FE45D47252E}.Debug|Any CPU.ActiveCfg = Debug|Any CPU
		{99F03484-1D27-4CB5-8EB7-2FE45D47252E}.Debug|Any CPU.Build.0 = Debug|Any CPU
		{99F03484-1D27-4CB5-8EB7-2FE45D47252E}.Debug|x64.ActiveCfg = Debug|Any CPU
		{99F03484-1D27-4CB5-8EB7-2FE45D47252E}.Debug|x64.Build.0 = Debug|Any CPU
		{99F03484-1D27-4CB5-8EB7-2FE45D47252E}.Debug|x86.ActiveCfg = Debug|Any CPU
		{99F03484-1D27-4CB5-8EB7-2FE45D47252E}.Debug|x86.Build.0 = Debug|Any CPU
		{99F03484-1D27-4CB5-8EB7-2FE45D47252E}.Release|Any CPU.ActiveCfg = Release|Any CPU
		{99F03484-1D27-4CB5-8EB7-2FE45D47252E}.Release|Any CPU.Build.0 = Release|Any CPU
		{99F03484-1D27-4CB5-8EB7-2FE45D47252E}.Release|x64.ActiveCfg = Release|Any CPU
		{99F03484-1D27-4CB5-8EB7-2FE45D47252E}.Release|x64.Build.0 = Release|Any CPU
		{99F03484-1D27-4CB5-8EB7-2FE45D47252E}.Release|x86.ActiveCfg = Release|Any CPU
		{99F03484-1D27-4CB5-8EB7-2FE45D47252E}.Release|x86.Build.0 = Release|Any CPU
		{CFC5ED21-E695-4AE1-9B43-7CBFD2DAA35C}.Debug|Any CPU.ActiveCfg = Debug|Any CPU
		{CFC5ED21-E695-4AE1-9B43-7CBFD2DAA35C}.Debug|Any CPU.Build.0 = Debug|Any CPU
		{CFC5ED21-E695-4AE1-9B43-7CBFD2DAA35C}.Debug|x64.ActiveCfg = Debug|Any CPU
		{CFC5ED21-E695-4AE1-9B43-7CBFD2DAA35C}.Debug|x64.Build.0 = Debug|Any CPU
		{CFC5ED21-E695-4AE1-9B43-7CBFD2DAA35C}.Debug|x86.ActiveCfg = Debug|Any CPU
		{CFC5ED21-E695-4AE1-9B43-7CBFD2DAA35C}.Debug|x86.Build.0 = Debug|Any CPU
		{CFC5ED21-E695-4AE1-9B43-7CBFD2DAA35C}.Release|Any CPU.ActiveCfg = Release|Any CPU
		{CFC5ED21-E695-4AE1-9B43-7CBFD2DAA35C}.Release|Any CPU.Build.0 = Release|Any CPU
		{CFC5ED21-E695-4AE1-9B43-7CBFD2DAA35C}.Release|x64.ActiveCfg = Release|Any CPU
		{CFC5ED21-E695-4AE1-9B43-7CBFD2DAA35C}.Release|x64.Build.0 = Release|Any CPU
		{CFC5ED21-E695-4AE1-9B43-7CBFD2DAA35C}.Release|x86.ActiveCfg = Release|Any CPU
		{CFC5ED21-E695-4AE1-9B43-7CBFD2DAA35C}.Release|x86.Build.0 = Release|Any CPU
		{8D1181B3-A958-41DF-B56B-649C31F50486}.Debug|Any CPU.ActiveCfg = Debug|Any CPU
		{8D1181B3-A958-41DF-B56B-649C31F50486}.Debug|Any CPU.Build.0 = Debug|Any CPU
		{8D1181B3-A958-41DF-B56B-649C31F50486}.Debug|x64.ActiveCfg = Debug|Any CPU
		{8D1181B3-A958-41DF-B56B-649C31F50486}.Debug|x64.Build.0 = Debug|Any CPU
		{8D1181B3-A958-41DF-B56B-649C31F50486}.Debug|x86.ActiveCfg = Debug|Any CPU
		{8D1181B3-A958-41DF-B56B-649C31F50486}.Debug|x86.Build.0 = Debug|Any CPU
		{8D1181B3-A958-41DF-B56B-649C31F50486}.Release|Any CPU.ActiveCfg = Release|Any CPU
		{8D1181B3-A958-41DF-B56B-649C31F50486}.Release|Any CPU.Build.0 = Release|Any CPU
		{8D1181B3-A958-41DF-B56B-649C31F50486}.Release|x64.ActiveCfg = Release|Any CPU
		{8D1181B3-A958-41DF-B56B-649C31F50486}.Release|x64.Build.0 = Release|Any CPU
		{8D1181B3-A958-41DF-B56B-649C31F50486}.Release|x86.ActiveCfg = Release|Any CPU
		{8D1181B3-A958-41DF-B56B-649C31F50486}.Release|x86.Build.0 = Release|Any CPU
		{CB0DAE54-9C89-4772-8FD5-0919DA05E44C}.Debug|Any CPU.ActiveCfg = Debug|Any CPU
		{CB0DAE54-9C89-4772-8FD5-0919DA05E44C}.Debug|Any CPU.Build.0 = Debug|Any CPU
		{CB0DAE54-9C89-4772-8FD5-0919DA05E44C}.Debug|x64.ActiveCfg = Debug|Any CPU
		{CB0DAE54-9C89-4772-8FD5-0919DA05E44C}.Debug|x64.Build.0 = Debug|Any CPU
		{CB0DAE54-9C89-4772-8FD5-0919DA05E44C}.Debug|x86.ActiveCfg = Debug|Any CPU
		{CB0DAE54-9C89-4772-8FD5-0919DA05E44C}.Debug|x86.Build.0 = Debug|Any CPU
		{CB0DAE54-9C89-4772-8FD5-0919DA05E44C}.Release|Any CPU.ActiveCfg = Release|Any CPU
		{CB0DAE54-9C89-4772-8FD5-0919DA05E44C}.Release|Any CPU.Build.0 = Release|Any CPU
		{CB0DAE54-9C89-4772-8FD5-0919DA05E44C}.Release|x64.ActiveCfg = Release|Any CPU
		{CB0DAE54-9C89-4772-8FD5-0919DA05E44C}.Release|x64.Build.0 = Release|Any CPU
		{CB0DAE54-9C89-4772-8FD5-0919DA05E44C}.Release|x86.ActiveCfg = Release|Any CPU
		{CB0DAE54-9C89-4772-8FD5-0919DA05E44C}.Release|x86.Build.0 = Release|Any CPU
		{BE4920CF-27AC-4F1A-9D73-26AC24D9E5B4}.Debug|Any CPU.ActiveCfg = Debug|Any CPU
		{BE4920CF-27AC-4F1A-9D73-26AC24D9E5B4}.Debug|Any CPU.Build.0 = Debug|Any CPU
		{BE4920CF-27AC-4F1A-9D73-26AC24D9E5B4}.Debug|x64.ActiveCfg = Debug|Any CPU
		{BE4920CF-27AC-4F1A-9D73-26AC24D9E5B4}.Debug|x64.Build.0 = Debug|Any CPU
		{BE4920CF-27AC-4F1A-9D73-26AC24D9E5B4}.Debug|x86.ActiveCfg = Debug|Any CPU
		{BE4920CF-27AC-4F1A-9D73-26AC24D9E5B4}.Debug|x86.Build.0 = Debug|Any CPU
		{BE4920CF-27AC-4F1A-9D73-26AC24D9E5B4}.Release|Any CPU.ActiveCfg = Release|Any CPU
		{BE4920CF-27AC-4F1A-9D73-26AC24D9E5B4}.Release|Any CPU.Build.0 = Release|Any CPU
		{BE4920CF-27AC-4F1A-9D73-26AC24D9E5B4}.Release|x64.ActiveCfg = Release|Any CPU
		{BE4920CF-27AC-4F1A-9D73-26AC24D9E5B4}.Release|x64.Build.0 = Release|Any CPU
		{BE4920CF-27AC-4F1A-9D73-26AC24D9E5B4}.Release|x86.ActiveCfg = Release|Any CPU
		{BE4920CF-27AC-4F1A-9D73-26AC24D9E5B4}.Release|x86.Build.0 = Release|Any CPU
		{7EFCA7AA-CC4F-4B16-BB52-EEECBE948E82}.Debug|Any CPU.ActiveCfg = Debug|Any CPU
		{7EFCA7AA-CC4F-4B16-BB52-EEECBE948E82}.Debug|Any CPU.Build.0 = Debug|Any CPU
		{7EFCA7AA-CC4F-4B16-BB52-EEECBE948E82}.Debug|x64.ActiveCfg = Debug|Any CPU
		{7EFCA7AA-CC4F-4B16-BB52-EEECBE948E82}.Debug|x64.Build.0 = Debug|Any CPU
		{7EFCA7AA-CC4F-4B16-BB52-EEECBE948E82}.Debug|x86.ActiveCfg = Debug|Any CPU
		{7EFCA7AA-CC4F-4B16-BB52-EEECBE948E82}.Debug|x86.Build.0 = Debug|Any CPU
		{7EFCA7AA-CC4F-4B16-BB52-EEECBE948E82}.Release|Any CPU.ActiveCfg = Release|Any CPU
		{7EFCA7AA-CC4F-4B16-BB52-EEECBE948E82}.Release|Any CPU.Build.0 = Release|Any CPU
		{7EFCA7AA-CC4F-4B16-BB52-EEECBE948E82}.Release|x64.ActiveCfg = Release|Any CPU
		{7EFCA7AA-CC4F-4B16-BB52-EEECBE948E82}.Release|x64.Build.0 = Release|Any CPU
		{7EFCA7AA-CC4F-4B16-BB52-EEECBE948E82}.Release|x86.ActiveCfg = Release|Any CPU
		{7EFCA7AA-CC4F-4B16-BB52-EEECBE948E82}.Release|x86.Build.0 = Release|Any CPU
		{EC6A25C2-00D5-47AE-A2E8-2966259BE9F0}.Debug|Any CPU.ActiveCfg = Debug|Any CPU
		{EC6A25C2-00D5-47AE-A2E8-2966259BE9F0}.Debug|Any CPU.Build.0 = Debug|Any CPU
		{EC6A25C2-00D5-47AE-A2E8-2966259BE9F0}.Debug|x64.ActiveCfg = Debug|Any CPU
		{EC6A25C2-00D5-47AE-A2E8-2966259BE9F0}.Debug|x64.Build.0 = Debug|Any CPU
		{EC6A25C2-00D5-47AE-A2E8-2966259BE9F0}.Debug|x86.ActiveCfg = Debug|Any CPU
		{EC6A25C2-00D5-47AE-A2E8-2966259BE9F0}.Debug|x86.Build.0 = Debug|Any CPU
		{EC6A25C2-00D5-47AE-A2E8-2966259BE9F0}.Release|Any CPU.ActiveCfg = Release|Any CPU
		{EC6A25C2-00D5-47AE-A2E8-2966259BE9F0}.Release|Any CPU.Build.0 = Release|Any CPU
		{EC6A25C2-00D5-47AE-A2E8-2966259BE9F0}.Release|x64.ActiveCfg = Release|Any CPU
		{EC6A25C2-00D5-47AE-A2E8-2966259BE9F0}.Release|x64.Build.0 = Release|Any CPU
		{EC6A25C2-00D5-47AE-A2E8-2966259BE9F0}.Release|x86.ActiveCfg = Release|Any CPU
		{EC6A25C2-00D5-47AE-A2E8-2966259BE9F0}.Release|x86.Build.0 = Release|Any CPU
		{4F9D41B5-54B7-4CEA-82BD-6F9A28435CD6}.Debug|Any CPU.ActiveCfg = Debug|Any CPU
		{4F9D41B5-54B7-4CEA-82BD-6F9A28435CD6}.Debug|Any CPU.Build.0 = Debug|Any CPU
		{4F9D41B5-54B7-4CEA-82BD-6F9A28435CD6}.Debug|x64.ActiveCfg = Debug|Any CPU
		{4F9D41B5-54B7-4CEA-82BD-6F9A28435CD6}.Debug|x64.Build.0 = Debug|Any CPU
		{4F9D41B5-54B7-4CEA-82BD-6F9A28435CD6}.Debug|x86.ActiveCfg = Debug|Any CPU
		{4F9D41B5-54B7-4CEA-82BD-6F9A28435CD6}.Debug|x86.Build.0 = Debug|Any CPU
		{4F9D41B5-54B7-4CEA-82BD-6F9A28435CD6}.Release|Any CPU.ActiveCfg = Release|Any CPU
		{4F9D41B5-54B7-4CEA-82BD-6F9A28435CD6}.Release|Any CPU.Build.0 = Release|Any CPU
		{4F9D41B5-54B7-4CEA-82BD-6F9A28435CD6}.Release|x64.ActiveCfg = Release|Any CPU
		{4F9D41B5-54B7-4CEA-82BD-6F9A28435CD6}.Release|x64.Build.0 = Release|Any CPU
		{4F9D41B5-54B7-4CEA-82BD-6F9A28435CD6}.Release|x86.ActiveCfg = Release|Any CPU
		{4F9D41B5-54B7-4CEA-82BD-6F9A28435CD6}.Release|x86.Build.0 = Release|Any CPU
		{59E08D6C-5DDB-4145-B1CA-C1AC0B5CAA37}.Debug|Any CPU.ActiveCfg = Debug|Any CPU
		{59E08D6C-5DDB-4145-B1CA-C1AC0B5CAA37}.Debug|Any CPU.Build.0 = Debug|Any CPU
		{59E08D6C-5DDB-4145-B1CA-C1AC0B5CAA37}.Debug|x64.ActiveCfg = Debug|Any CPU
		{59E08D6C-5DDB-4145-B1CA-C1AC0B5CAA37}.Debug|x64.Build.0 = Debug|Any CPU
		{59E08D6C-5DDB-4145-B1CA-C1AC0B5CAA37}.Debug|x86.ActiveCfg = Debug|Any CPU
		{59E08D6C-5DDB-4145-B1CA-C1AC0B5CAA37}.Debug|x86.Build.0 = Debug|Any CPU
		{59E08D6C-5DDB-4145-B1CA-C1AC0B5CAA37}.Release|Any CPU.ActiveCfg = Release|Any CPU
		{59E08D6C-5DDB-4145-B1CA-C1AC0B5CAA37}.Release|Any CPU.Build.0 = Release|Any CPU
		{59E08D6C-5DDB-4145-B1CA-C1AC0B5CAA37}.Release|x64.ActiveCfg = Release|Any CPU
		{59E08D6C-5DDB-4145-B1CA-C1AC0B5CAA37}.Release|x64.Build.0 = Release|Any CPU
		{59E08D6C-5DDB-4145-B1CA-C1AC0B5CAA37}.Release|x86.ActiveCfg = Release|Any CPU
		{59E08D6C-5DDB-4145-B1CA-C1AC0B5CAA37}.Release|x86.Build.0 = Release|Any CPU
		{36690965-63B9-4A7D-B1BA-A7C14393AD5F}.Debug|Any CPU.ActiveCfg = Debug|Any CPU
		{36690965-63B9-4A7D-B1BA-A7C14393AD5F}.Debug|Any CPU.Build.0 = Debug|Any CPU
		{36690965-63B9-4A7D-B1BA-A7C14393AD5F}.Debug|x64.ActiveCfg = Debug|Any CPU
		{36690965-63B9-4A7D-B1BA-A7C14393AD5F}.Debug|x64.Build.0 = Debug|Any CPU
		{36690965-63B9-4A7D-B1BA-A7C14393AD5F}.Debug|x86.ActiveCfg = Debug|Any CPU
		{36690965-63B9-4A7D-B1BA-A7C14393AD5F}.Debug|x86.Build.0 = Debug|Any CPU
		{36690965-63B9-4A7D-B1BA-A7C14393AD5F}.Release|Any CPU.ActiveCfg = Release|Any CPU
		{36690965-63B9-4A7D-B1BA-A7C14393AD5F}.Release|Any CPU.Build.0 = Release|Any CPU
		{36690965-63B9-4A7D-B1BA-A7C14393AD5F}.Release|x64.ActiveCfg = Release|Any CPU
		{36690965-63B9-4A7D-B1BA-A7C14393AD5F}.Release|x64.Build.0 = Release|Any CPU
		{36690965-63B9-4A7D-B1BA-A7C14393AD5F}.Release|x86.ActiveCfg = Release|Any CPU
		{36690965-63B9-4A7D-B1BA-A7C14393AD5F}.Release|x86.Build.0 = Release|Any CPU
		{A11C887C-2A0C-48A1-9DBB-1B7A07F03CF6}.Debug|Any CPU.ActiveCfg = Debug|Any CPU
		{A11C887C-2A0C-48A1-9DBB-1B7A07F03CF6}.Debug|Any CPU.Build.0 = Debug|Any CPU
		{A11C887C-2A0C-48A1-9DBB-1B7A07F03CF6}.Debug|x64.ActiveCfg = Debug|Any CPU
		{A11C887C-2A0C-48A1-9DBB-1B7A07F03CF6}.Debug|x64.Build.0 = Debug|Any CPU
		{A11C887C-2A0C-48A1-9DBB-1B7A07F03CF6}.Debug|x86.ActiveCfg = Debug|Any CPU
		{A11C887C-2A0C-48A1-9DBB-1B7A07F03CF6}.Debug|x86.Build.0 = Debug|Any CPU
		{A11C887C-2A0C-48A1-9DBB-1B7A07F03CF6}.Release|Any CPU.ActiveCfg = Release|Any CPU
		{A11C887C-2A0C-48A1-9DBB-1B7A07F03CF6}.Release|Any CPU.Build.0 = Release|Any CPU
		{A11C887C-2A0C-48A1-9DBB-1B7A07F03CF6}.Release|x64.ActiveCfg = Release|Any CPU
		{A11C887C-2A0C-48A1-9DBB-1B7A07F03CF6}.Release|x64.Build.0 = Release|Any CPU
		{A11C887C-2A0C-48A1-9DBB-1B7A07F03CF6}.Release|x86.ActiveCfg = Release|Any CPU
		{A11C887C-2A0C-48A1-9DBB-1B7A07F03CF6}.Release|x86.Build.0 = Release|Any CPU
		{697D38CB-78DF-4FD6-85A4-0123F45360E8}.Debug|Any CPU.ActiveCfg = Debug|Any CPU
		{697D38CB-78DF-4FD6-85A4-0123F45360E8}.Debug|Any CPU.Build.0 = Debug|Any CPU
		{697D38CB-78DF-4FD6-85A4-0123F45360E8}.Debug|x64.ActiveCfg = Debug|Any CPU
		{697D38CB-78DF-4FD6-85A4-0123F45360E8}.Debug|x64.Build.0 = Debug|Any CPU
		{697D38CB-78DF-4FD6-85A4-0123F45360E8}.Debug|x86.ActiveCfg = Debug|Any CPU
		{697D38CB-78DF-4FD6-85A4-0123F45360E8}.Debug|x86.Build.0 = Debug|Any CPU
		{697D38CB-78DF-4FD6-85A4-0123F45360E8}.Release|Any CPU.ActiveCfg = Release|Any CPU
		{697D38CB-78DF-4FD6-85A4-0123F45360E8}.Release|Any CPU.Build.0 = Release|Any CPU
		{697D38CB-78DF-4FD6-85A4-0123F45360E8}.Release|x64.ActiveCfg = Release|Any CPU
		{697D38CB-78DF-4FD6-85A4-0123F45360E8}.Release|x64.Build.0 = Release|Any CPU
		{697D38CB-78DF-4FD6-85A4-0123F45360E8}.Release|x86.ActiveCfg = Release|Any CPU
		{697D38CB-78DF-4FD6-85A4-0123F45360E8}.Release|x86.Build.0 = Release|Any CPU
	EndGlobalSection
EndGlobal
