
Microsoft Visual Studio Solution File, Format Version 12.00
# Visual Studio Version 16
VisualStudioVersion = 16.0.29411.108
MinimumVisualStudioVersion = 10.0.40219.1
Project("{9A19103F-16F7-4668-BE54-9A1E7A4F7556}") = "Penguin.Cms.Communication.Repositories", "Penguin.Cms.Communication.Repositories.csproj", "{A3C8A272-04EE-465F-8C32-42FE7629EC1D}"
EndProject
Global
	GlobalSection(SolutionConfigurationPlatforms) = preSolution
		Debug|Any CPU = Debug|Any CPU
		Release|Any CPU = Release|Any CPU
	EndGlobalSection
	GlobalSection(ProjectConfigurationPlatforms) = postSolution
		{A3C8A272-04EE-465F-8C32-42FE7629EC1D}.Debug|Any CPU.ActiveCfg = Debug|Any CPU
		{A3C8A272-04EE-465F-8C32-42FE7629EC1D}.Debug|Any CPU.Build.0 = Debug|Any CPU
		{A3C8A272-04EE-465F-8C32-42FE7629EC1D}.Release|Any CPU.ActiveCfg = Release|Any CPU
		{A3C8A272-04EE-465F-8C32-42FE7629EC1D}.Release|Any CPU.Build.0 = Release|Any CPU
	EndGlobalSection
	GlobalSection(SolutionProperties) = preSolution
		HideSolutionNode = FALSE
	EndGlobalSection
	GlobalSection(ExtensibilityGlobals) = postSolution
		SolutionGuid = {52481D81-E9FC-4F78-97A7-164C049824E4}
	EndGlobalSection
EndGlobal
